// !$*UTF8*$!
{
	archiveVersion = 1;
	classes = {
	};
	objectVersion = 50;
	objects = {

/* Begin PBXBuildFile section */
		3F138E942224C6B000FB083D /* AppDelegate.swift in Sources */ = {isa = PBXBuildFile; fileRef = 3F138E932224C6B000FB083D /* AppDelegate.swift */; };
		3F138E962224C6B000FB083D /* FirstViewController.swift in Sources */ = {isa = PBXBuildFile; fileRef = 3F138E952224C6B000FB083D /* FirstViewController.swift */; };
		3F138E982224C6B000FB083D /* SecondViewController.swift in Sources */ = {isa = PBXBuildFile; fileRef = 3F138E972224C6B000FB083D /* SecondViewController.swift */; };
		3F138E9B2224C6B000FB083D /* Main.storyboard in Resources */ = {isa = PBXBuildFile; fileRef = 3F138E992224C6B000FB083D /* Main.storyboard */; };
		3F138E9D2224C6B100FB083D /* Assets.xcassets in Resources */ = {isa = PBXBuildFile; fileRef = 3F138E9C2224C6B100FB083D /* Assets.xcassets */; };
		3F138EA02224C6B100FB083D /* LaunchScreen.storyboard in Resources */ = {isa = PBXBuildFile; fileRef = 3F138E9E2224C6B100FB083D /* LaunchScreen.storyboard */; };
		3F138EAB2224C6B100FB083D /* RateIT__Tests.swift in Sources */ = {isa = PBXBuildFile; fileRef = 3F138EAA2224C6B100FB083D /* RateIT__Tests.swift */; };
		3F138EB62224C6B100FB083D /* RateIT__UITests.swift in Sources */ = {isa = PBXBuildFile; fileRef = 3F138EB52224C6B100FB083D /* RateIT__UITests.swift */; };
/* End PBXBuildFile section */

/* Begin PBXContainerItemProxy section */
		3F138EA72224C6B100FB083D /* PBXContainerItemProxy */ = {
			isa = PBXContainerItemProxy;
			containerPortal = 3F138E882224C6B000FB083D /* Project object */;
			proxyType = 1;
			remoteGlobalIDString = 3F138E8F2224C6B000FB083D;
			remoteInfo = "RateIT!!";
		};
		3F138EB22224C6B100FB083D /* PBXContainerItemProxy */ = {
			isa = PBXContainerItemProxy;
			containerPortal = 3F138E882224C6B000FB083D /* Project object */;
			proxyType = 1;
			remoteGlobalIDString = 3F138E8F2224C6B000FB083D;
			remoteInfo = "RateIT!!";
		};
/* End PBXContainerItemProxy section */

/* Begin PBXFileReference section */
		3F138E902224C6B000FB083D /* RateIT!!.app */ = {isa = PBXFileReference; explicitFileType = wrapper.application; includeInIndex = 0; path = "RateIT!!.app"; sourceTree = BUILT_PRODUCTS_DIR; };
		3F138E932224C6B000FB083D /* AppDelegate.swift */ = {isa = PBXFileReference; lastKnownFileType = sourcecode.swift; path = AppDelegate.swift; sourceTree = "<group>"; };
		3F138E952224C6B000FB083D /* FirstViewController.swift */ = {isa = PBXFileReference; lastKnownFileType = sourcecode.swift; path = FirstViewController.swift; sourceTree = "<group>"; };
		3F138E972224C6B000FB083D /* SecondViewController.swift */ = {isa = PBXFileReference; lastKnownFileType = sourcecode.swift; path = SecondViewController.swift; sourceTree = "<group>"; };
		3F138E9A2224C6B000FB083D /* Base */ = {isa = PBXFileReference; lastKnownFileType = file.storyboard; name = Base; path = Base.lproj/Main.storyboard; sourceTree = "<group>"; };
		3F138E9C2224C6B100FB083D /* Assets.xcassets */ = {isa = PBXFileReference; lastKnownFileType = folder.assetcatalog; path = Assets.xcassets; sourceTree = "<group>"; };
		3F138E9F2224C6B100FB083D /* Base */ = {isa = PBXFileReference; lastKnownFileType = file.storyboard; name = Base; path = Base.lproj/LaunchScreen.storyboard; sourceTree = "<group>"; };
		3F138EA12224C6B100FB083D /* Info.plist */ = {isa = PBXFileReference; lastKnownFileType = text.plist.xml; path = Info.plist; sourceTree = "<group>"; };
		3F138EA62224C6B100FB083D /* RateIT!!Tests.xctest */ = {isa = PBXFileReference; explicitFileType = wrapper.cfbundle; includeInIndex = 0; path = "RateIT!!Tests.xctest"; sourceTree = BUILT_PRODUCTS_DIR; };
		3F138EAA2224C6B100FB083D /* RateIT__Tests.swift */ = {isa = PBXFileReference; lastKnownFileType = sourcecode.swift; path = RateIT__Tests.swift; sourceTree = "<group>"; };
		3F138EAC2224C6B100FB083D /* Info.plist */ = {isa = PBXFileReference; lastKnownFileType = text.plist.xml; path = Info.plist; sourceTree = "<group>"; };
		3F138EB12224C6B100FB083D /* RateIT!!UITests.xctest */ = {isa = PBXFileReference; explicitFileType = wrapper.cfbundle; includeInIndex = 0; path = "RateIT!!UITests.xctest"; sourceTree = BUILT_PRODUCTS_DIR; };
		3F138EB52224C6B100FB083D /* RateIT__UITests.swift */ = {isa = PBXFileReference; lastKnownFileType = sourcecode.swift; path = RateIT__UITests.swift; sourceTree = "<group>"; };
		3F138EB72224C6B100FB083D /* Info.plist */ = {isa = PBXFileReference; lastKnownFileType = text.plist.xml; path = Info.plist; sourceTree = "<group>"; };
/* End PBXFileReference section */

/* Begin PBXFrameworksBuildPhase section */
		3F138E8D2224C6B000FB083D /* Frameworks */ = {
			isa = PBXFrameworksBuildPhase;
			buildActionMask = 2147483647;
			files = (
			);
			runOnlyForDeploymentPostprocessing = 0;
		};
		3F138EA32224C6B100FB083D /* Frameworks */ = {
			isa = PBXFrameworksBuildPhase;
			buildActionMask = 2147483647;
			files = (
			);
			runOnlyForDeploymentPostprocessing = 0;
		};
		3F138EAE2224C6B100FB083D /* Frameworks */ = {
			isa = PBXFrameworksBuildPhase;
			buildActionMask = 2147483647;
			files = (
			);
			runOnlyForDeploymentPostprocessing = 0;
		};
/* End PBXFrameworksBuildPhase section */

/* Begin PBXGroup section */
		3F138E872224C6B000FB083D = {
			isa = PBXGroup;
			children = (
				3F138E922224C6B000FB083D /* RateIT!! */,
				3F138EA92224C6B100FB083D /* RateIT!!Tests */,
				3F138EB42224C6B100FB083D /* RateIT!!UITests */,
				3F138E912224C6B000FB083D /* Products */,
			);
			sourceTree = "<group>";
		};
		3F138E912224C6B000FB083D /* Products */ = {
			isa = PBXGroup;
			children = (
				3F138E902224C6B000FB083D /* RateIT!!.app */,
				3F138EA62224C6B100FB083D /* RateIT!!Tests.xctest */,
				3F138EB12224C6B100FB083D /* RateIT!!UITests.xctest */,
			);
			name = Products;
			sourceTree = "<group>";
		};
		3F138E922224C6B000FB083D /* RateIT!! */ = {
			isa = PBXGroup;
			children = (
				3F138E932224C6B000FB083D /* AppDelegate.swift */,
				3F138E952224C6B000FB083D /* FirstViewController.swift */,
				3F138E972224C6B000FB083D /* SecondViewController.swift */,
				3F138E992224C6B000FB083D /* Main.storyboard */,
				3F138E9C2224C6B100FB083D /* Assets.xcassets */,
				3F138E9E2224C6B100FB083D /* LaunchScreen.storyboard */,
				3F138EA12224C6B100FB083D /* Info.plist */,
			);
			path = "RateIT!!";
			sourceTree = "<group>";
		};
		3F138EA92224C6B100FB083D /* RateIT!!Tests */ = {
			isa = PBXGroup;
			children = (
				3F138EAA2224C6B100FB083D /* RateIT__Tests.swift */,
				3F138EAC2224C6B100FB083D /* Info.plist */,
			);
			path = "RateIT!!Tests";
			sourceTree = "<group>";
		};
		3F138EB42224C6B100FB083D /* RateIT!!UITests */ = {
			isa = PBXGroup;
			children = (
				3F138EB52224C6B100FB083D /* RateIT__UITests.swift */,
				3F138EB72224C6B100FB083D /* Info.plist */,
			);
			path = "RateIT!!UITests";
			sourceTree = "<group>";
		};
/* End PBXGroup section */

/* Begin PBXNativeTarget section */
		3F138E8F2224C6B000FB083D /* RateIT!! */ = {
			isa = PBXNativeTarget;
			buildConfigurationList = 3F138EBA2224C6B100FB083D /* Build configuration list for PBXNativeTarget "RateIT!!" */;
			buildPhases = (
				3F138E8C2224C6B000FB083D /* Sources */,
				3F138E8D2224C6B000FB083D /* Frameworks */,
				3F138E8E2224C6B000FB083D /* Resources */,
			);
			buildRules = (
			);
			dependencies = (
			);
			name = "RateIT!!";
			productName = "RateIT!!";
			productReference = 3F138E902224C6B000FB083D /* RateIT!!.app */;
			productType = "com.apple.product-type.application";
		};
		3F138EA52224C6B100FB083D /* RateIT!!Tests */ = {
			isa = PBXNativeTarget;
			buildConfigurationList = 3F138EBD2224C6B100FB083D /* Build configuration list for PBXNativeTarget "RateIT!!Tests" */;
			buildPhases = (
				3F138EA22224C6B100FB083D /* Sources */,
				3F138EA32224C6B100FB083D /* Frameworks */,
				3F138EA42224C6B100FB083D /* Resources */,
			);
			buildRules = (
			);
			dependencies = (
				3F138EA82224C6B100FB083D /* PBXTargetDependency */,
			);
			name = "RateIT!!Tests";
			productName = "RateIT!!Tests";
			productReference = 3F138EA62224C6B100FB083D /* RateIT!!Tests.xctest */;
			productType = "com.apple.product-type.bundle.unit-test";
		};
		3F138EB02224C6B100FB083D /* RateIT!!UITests */ = {
			isa = PBXNativeTarget;
			buildConfigurationList = 3F138EC02224C6B100FB083D /* Build configuration list for PBXNativeTarget "RateIT!!UITests" */;
			buildPhases = (
				3F138EAD2224C6B100FB083D /* Sources */,
				3F138EAE2224C6B100FB083D /* Frameworks */,
				3F138EAF2224C6B100FB083D /* Resources */,
			);
			buildRules = (
			);
			dependencies = (
				3F138EB32224C6B100FB083D /* PBXTargetDependency */,
			);
			name = "RateIT!!UITests";
			productName = "RateIT!!UITests";
			productReference = 3F138EB12224C6B100FB083D /* RateIT!!UITests.xctest */;
			productType = "com.apple.product-type.bundle.ui-testing";
		};
/* End PBXNativeTarget section */

/* Begin PBXProject section */
		3F138E882224C6B000FB083D /* Project object */ = {
			isa = PBXProject;
			attributes = {
				LastSwiftUpdateCheck = 1000;
				LastUpgradeCheck = 1000;
				ORGANIZATIONNAME = student;
				TargetAttributes = {
					3F138E8F2224C6B000FB083D = {
						CreatedOnToolsVersion = 10.0;
					};
					3F138EA52224C6B100FB083D = {
						CreatedOnToolsVersion = 10.0;
						TestTargetID = 3F138E8F2224C6B000FB083D;
					};
					3F138EB02224C6B100FB083D = {
						CreatedOnToolsVersion = 10.0;
						TestTargetID = 3F138E8F2224C6B000FB083D;
					};
				};
			};
			buildConfigurationList = 3F138E8B2224C6B000FB083D /* Build configuration list for PBXProject "RateIT!!" */;
			compatibilityVersion = "Xcode 9.3";
			developmentRegion = en;
			hasScannedForEncodings = 0;
			knownRegions = (
				en,
				Base,
			);
			mainGroup = 3F138E872224C6B000FB083D;
			productRefGroup = 3F138E912224C6B000FB083D /* Products */;
			projectDirPath = "";
			projectRoot = "";
			targets = (
				3F138E8F2224C6B000FB083D /* RateIT!! */,
				3F138EA52224C6B100FB083D /* RateIT!!Tests */,
				3F138EB02224C6B100FB083D /* RateIT!!UITests */,
			);
		};
/* End PBXProject section */

/* Begin PBXResourcesBuildPhase section */
		3F138E8E2224C6B000FB083D /* Resources */ = {
			isa = PBXResourcesBuildPhase;
			buildActionMask = 2147483647;
			files = (
				3F138EA02224C6B100FB083D /* LaunchScreen.storyboard in Resources */,
				3F138E9D2224C6B100FB083D /* Assets.xcassets in Resources */,
				3F138E9B2224C6B000FB083D /* Main.storyboard in Resources */,
			);
			runOnlyForDeploymentPostprocessing = 0;
		};
		3F138EA42224C6B100FB083D /* Resources */ = {
			isa = PBXResourcesBuildPhase;
			buildActionMask = 2147483647;
			files = (
			);
			runOnlyForDeploymentPostprocessing = 0;
		};
		3F138EAF2224C6B100FB083D /* Resources */ = {
			isa = PBXResourcesBuildPhase;
			buildActionMask = 2147483647;
			files = (
			);
			runOnlyForDeploymentPostprocessing = 0;
		};
/* End PBXResourcesBuildPhase section */

/* Begin PBXSourcesBuildPhase section */
		3F138E8C2224C6B000FB083D /* Sources */ = {
			isa = PBXSourcesBuildPhase;
			buildActionMask = 2147483647;
			files = (
				3F138E982224C6B000FB083D /* SecondViewController.swift in Sources */,
				3F138E942224C6B000FB083D /* AppDelegate.swift in Sources */,
				3F138E962224C6B000FB083D /* FirstViewController.swift in Sources */,
			);
			runOnlyForDeploymentPostprocessing = 0;
		};
		3F138EA22224C6B100FB083D /* Sources */ = {
			isa = PBXSourcesBuildPhase;
			buildActionMask = 2147483647;
			files = (
				3F138EAB2224C6B100FB083D /* RateIT__Tests.swift in Sources */,
			);
			runOnlyForDeploymentPostprocessing = 0;
		};
		3F138EAD2224C6B100FB083D /* Sources */ = {
			isa = PBXSourcesBuildPhase;
			buildActionMask = 2147483647;
			files = (
				3F138EB62224C6B100FB083D /* RateIT__UITests.swift in Sources */,
			);
			runOnlyForDeploymentPostprocessing = 0;
		};
/* End PBXSourcesBuildPhase section */

/* Begin PBXTargetDependency section */
		3F138EA82224C6B100FB083D /* PBXTargetDependency */ = {
			isa = PBXTargetDependency;
			target = 3F138E8F2224C6B000FB083D /* RateIT!! */;
			targetProxy = 3F138EA72224C6B100FB083D /* PBXContainerItemProxy */;
		};
		3F138EB32224C6B100FB083D /* PBXTargetDependency */ = {
			isa = PBXTargetDependency;
			target = 3F138E8F2224C6B000FB083D /* RateIT!! */;
			targetProxy = 3F138EB22224C6B100FB083D /* PBXContainerItemProxy */;
		};
/* End PBXTargetDependency section */

/* Begin PBXVariantGroup section */
		3F138E992224C6B000FB083D /* Main.storyboard */ = {
			isa = PBXVariantGroup;
			children = (
				3F138E9A2224C6B000FB083D /* Base */,
			);
			name = Main.storyboard;
			sourceTree = "<group>";
		};
		3F138E9E2224C6B100FB083D /* LaunchScreen.storyboard */ = {
			isa = PBXVariantGroup;
			children = (
				3F138E9F2224C6B100FB083D /* Base */,
			);
			name = LaunchScreen.storyboard;
			sourceTree = "<group>";
		};
/* End PBXVariantGroup section */

/* Begin XCBuildConfiguration section */
		3F138EB82224C6B100FB083D /* Debug */ = {
			isa = XCBuildConfiguration;
			buildSettings = {
				ALWAYS_SEARCH_USER_PATHS = NO;
				CLANG_ANALYZER_NONNULL = YES;
				CLANG_ANALYZER_NUMBER_OBJECT_CONVERSION = YES_AGGRESSIVE;
				CLANG_CXX_LANGUAGE_STANDARD = "gnu++14";
				CLANG_CXX_LIBRARY = "libc++";
				CLANG_ENABLE_MODULES = YES;
				CLANG_ENABLE_OBJC_ARC = YES;
				CLANG_ENABLE_OBJC_WEAK = YES;
				CLANG_WARN_BLOCK_CAPTURE_AUTORELEASING = YES;
				CLANG_WARN_BOOL_CONVERSION = YES;
				CLANG_WARN_COMMA = YES;
				CLANG_WARN_CONSTANT_CONVERSION = YES;
				CLANG_WARN_DEPRECATED_OBJC_IMPLEMENTATIONS = YES;
				CLANG_WARN_DIRECT_OBJC_ISA_USAGE = YES_ERROR;
				CLANG_WARN_DOCUMENTATION_COMMENTS = YES;
				CLANG_WARN_EMPTY_BODY = YES;
				CLANG_WARN_ENUM_CONVERSION = YES;
				CLANG_WARN_INFINITE_RECURSION = YES;
				CLANG_WARN_INT_CONVERSION = YES;
				CLANG_WARN_NON_LITERAL_NULL_CONVERSION = YES;
				CLANG_WARN_OBJC_IMPLICIT_RETAIN_SELF = YES;
				CLANG_WARN_OBJC_LITERAL_CONVERSION = YES;
				CLANG_WARN_OBJC_ROOT_CLASS = YES_ERROR;
				CLANG_WARN_RANGE_LOOP_ANALYSIS = YES;
				CLANG_WARN_STRICT_PROTOTYPES = YES;
				CLANG_WARN_SUSPICIOUS_MOVE = YES;
				CLANG_WARN_UNGUARDED_AVAILABILITY = YES_AGGRESSIVE;
				CLANG_WARN_UNREACHABLE_CODE = YES;
				CLANG_WARN__DUPLICATE_METHOD_MATCH = YES;
				CODE_SIGN_IDENTITY = "iPhone Developer";
				COPY_PHASE_STRIP = NO;
				DEBUG_INFORMATION_FORMAT = dwarf;
				ENABLE_STRICT_OBJC_MSGSEND = YES;
				ENABLE_TESTABILITY = YES;
				GCC_C_LANGUAGE_STANDARD = gnu11;
				GCC_DYNAMIC_NO_PIC = NO;
				GCC_NO_COMMON_BLOCKS = YES;
				GCC_OPTIMIZATION_LEVEL = 0;
				GCC_PREPROCESSOR_DEFINITIONS = (
					"DEBUG=1",
					"$(inherited)",
				);
				GCC_WARN_64_TO_32_BIT_CONVERSION = YES;
				GCC_WARN_ABOUT_RETURN_TYPE = YES_ERROR;
				GCC_WARN_UNDECLARED_SELECTOR = YES;
				GCC_WARN_UNINITIALIZED_AUTOS = YES_AGGRESSIVE;
				GCC_WARN_UNUSED_FUNCTION = YES;
				GCC_WARN_UNUSED_VARIABLE = YES;
				IPHONEOS_DEPLOYMENT_TARGET = 12.0;
				MTL_ENABLE_DEBUG_INFO = INCLUDE_SOURCE;
				MTL_FAST_MATH = YES;
				ONLY_ACTIVE_ARCH = YES;
				SDKROOT = iphoneos;
				SWIFT_ACTIVE_COMPILATION_CONDITIONS = DEBUG;
				SWIFT_OPTIMIZATION_LEVEL = "-Onone";
			};
			name = Debug;
		};
		3F138EB92224C6B100FB083D /* Release */ = {
			isa = XCBuildConfiguration;
			buildSettings = {
				ALWAYS_SEARCH_USER_PATHS = NO;
				CLANG_ANALYZER_NONNULL = YES;
				CLANG_ANALYZER_NUMBER_OBJECT_CONVERSION = YES_AGGRESSIVE;
				CLANG_CXX_LANGUAGE_STANDARD = "gnu++14";
				CLANG_CXX_LIBRARY = "libc++";
				CLANG_ENABLE_MODULES = YES;
				CLANG_ENABLE_OBJC_ARC = YES;
				CLANG_ENABLE_OBJC_WEAK = YES;
				CLANG_WARN_BLOCK_CAPTURE_AUTORELEASING = YES;
				CLANG_WARN_BOOL_CONVERSION = YES;
				CLANG_WARN_COMMA = YES;
				CLANG_WARN_CONSTANT_CONVERSION = YES;
				CLANG_WARN_DEPRECATED_OBJC_IMPLEMENTATIONS = YES;
				CLANG_WARN_DIRECT_OBJC_ISA_USAGE = YES_ERROR;
				CLANG_WARN_DOCUMENTATION_COMMENTS = YES;
				CLANG_WARN_EMPTY_BODY = YES;
				CLANG_WARN_ENUM_CONVERSION = YES;
				CLANG_WARN_INFINITE_RECURSION = YES;
				CLANG_WARN_INT_CONVERSION = YES;
				CLANG_WARN_NON_LITERAL_NULL_CONVERSION = YES;
				CLANG_WARN_OBJC_IMPLICIT_RETAIN_SELF = YES;
				CLANG_WARN_OBJC_LITERAL_CONVERSION = YES;
				CLANG_WARN_OBJC_ROOT_CLASS = YES_ERROR;
				CLANG_WARN_RANGE_LOOP_ANALYSIS = YES;
				CLANG_WARN_STRICT_PROTOTYPES = YES;
				CLANG_WARN_SUSPICIOUS_MOVE = YES;
				CLANG_WARN_UNGUARDED_AVAILABILITY = YES_AGGRESSIVE;
				CLANG_WARN_UNREACHABLE_CODE = YES;
				CLANG_WARN__DUPLICATE_METHOD_MATCH = YES;
				CODE_SIGN_IDENTITY = "iPhone Developer";
				COPY_PHASE_STRIP = NO;
				DEBUG_INFORMATION_FORMAT = "dwarf-with-dsym";
				ENABLE_NS_ASSERTIONS = NO;
				ENABLE_STRICT_OBJC_MSGSEND = YES;
				GCC_C_LANGUAGE_STANDARD = gnu11;
				GCC_NO_COMMON_BLOCKS = YES;
				GCC_WARN_64_TO_32_BIT_CONVERSION = YES;
				GCC_WARN_ABOUT_RETURN_TYPE = YES_ERROR;
				GCC_WARN_UNDECLARED_SELECTOR = YES;
				GCC_WARN_UNINITIALIZED_AUTOS = YES_AGGRESSIVE;
				GCC_WARN_UNUSED_FUNCTION = YES;
				GCC_WARN_UNUSED_VARIABLE = YES;
				IPHONEOS_DEPLOYMENT_TARGET = 12.0;
				MTL_ENABLE_DEBUG_INFO = NO;
				MTL_FAST_MATH = YES;
				SDKROOT = iphoneos;
				SWIFT_COMPILATION_MODE = wholemodule;
				SWIFT_OPTIMIZATION_LEVEL = "-O";
				VALIDATE_PRODUCT = YES;
			};
			name = Release;
		};
		3F138EBB2224C6B100FB083D /* Debug */ = {
			isa = XCBuildConfiguration;
			buildSettings = {
				ASSETCATALOG_COMPILER_APPICON_NAME = AppIcon;
				CODE_SIGN_STYLE = Automatic;
				INFOPLIST_FILE = "RateIT!!/Info.plist";
				LD_RUNPATH_SEARCH_PATHS = (
					"$(inherited)",
					"@executable_path/Frameworks",
				);
				PRODUCT_BUNDLE_IDENTIFIER = "student.nwmsu.RateIT--";
				PRODUCT_NAME = "$(TARGET_NAME)";
				SWIFT_VERSION = 4.2;
				TARGETED_DEVICE_FAMILY = "1,2";
			};
			name = Debug;
		};
		3F138EBC2224C6B100FB083D /* Release */ = {
			isa = XCBuildConfiguration;
			buildSettings = {
				ASSETCATALOG_COMPILER_APPICON_NAME = AppIcon;
				CODE_SIGN_STYLE = Automatic;
				INFOPLIST_FILE = "RateIT!!/Info.plist";
				LD_RUNPATH_SEARCH_PATHS = (
					"$(inherited)",
					"@executable_path/Frameworks",
				);
				PRODUCT_BUNDLE_IDENTIFIER = "student.nwmsu.RateIT--";
				PRODUCT_NAME = "$(TARGET_NAME)";
				SWIFT_VERSION = 4.2;
				TARGETED_DEVICE_FAMILY = "1,2";
			};
			name = Release;
		};
		3F138EBE2224C6B100FB083D /* Debug */ = {
			isa = XCBuildConfiguration;
			buildSettings = {
				ALWAYS_EMBED_SWIFT_STANDARD_LIBRARIES = YES;
				BUNDLE_LOADER = "$(TEST_HOST)";
				CODE_SIGN_STYLE = Automatic;
				INFOPLIST_FILE = "RateIT!!Tests/Info.plist";
				LD_RUNPATH_SEARCH_PATHS = (
					"$(inherited)",
					"@executable_path/Frameworks",
					"@loader_path/Frameworks",
				);
				PRODUCT_BUNDLE_IDENTIFIER = "student.nwmsu.RateIT--Tests";
				PRODUCT_NAME = "$(TARGET_NAME)";
				SWIFT_VERSION = 4.2;
				TARGETED_DEVICE_FAMILY = "1,2";
				TEST_HOST = "$(BUILT_PRODUCTS_DIR)/RateIT!!.app/RateIT!!";
			};
			name = Debug;
		};
		3F138EBF2224C6B100FB083D /* Release */ = {
			isa = XCBuildConfiguration;
			buildSettings = {
				ALWAYS_EMBED_SWIFT_STANDARD_LIBRARIES = YES;
				BUNDLE_LOADER = "$(TEST_HOST)";
				CODE_SIGN_STYLE = Automatic;
				INFOPLIST_FILE = "RateIT!!Tests/Info.plist";
				LD_RUNPATH_SEARCH_PATHS = (
					"$(inherited)",
					"@executable_path/Frameworks",
					"@loader_path/Frameworks",
				);
				PRODUCT_BUNDLE_IDENTIFIER = "student.nwmsu.RateIT--Tests";
				PRODUCT_NAME = "$(TARGET_NAME)";
				SWIFT_VERSION = 4.2;
				TARGETED_DEVICE_FAMILY = "1,2";
				TEST_HOST = "$(BUILT_PRODUCTS_DIR)/RateIT!!.app/RateIT!!";
			};
			name = Release;
		};
		3F138EC12224C6B100FB083D /* Debug */ = {
			isa = XCBuildConfiguration;
			buildSettings = {
				ALWAYS_EMBED_SWIFT_STANDARD_LIBRARIES = YES;
				CODE_SIGN_STYLE = Automatic;
				INFOPLIST_FILE = "RateIT!!UITests/Info.plist";
				LD_RUNPATH_SEARCH_PATHS = (
					"$(inherited)",
					"@executable_path/Frameworks",
					"@loader_path/Frameworks",
				);
				PRODUCT_BUNDLE_IDENTIFIER = "student.nwmsu.RateIT--UITests";
				PRODUCT_NAME = "$(TARGET_NAME)";
				SWIFT_VERSION = 4.2;
				TARGETED_DEVICE_FAMILY = "1,2";
				TEST_TARGET_NAME = "RateIT!!";
			};
			name = Debug;
		};
		3F138EC22224C6B100FB083D /* Release */ = {
			isa = XCBuildConfiguration;
			buildSettings = {
				ALWAYS_EMBED_SWIFT_STANDARD_LIBRARIES = YES;
				CODE_SIGN_STYLE = Automatic;
				INFOPLIST_FILE = "RateIT!!UITests/Info.plist";
				LD_RUNPATH_SEARCH_PATHS = (
					"$(inherited)",
					"@executable_path/Frameworks",
					"@loader_path/Frameworks",
				);
				PRODUCT_BUNDLE_IDENTIFIER = "student.nwmsu.RateIT--UITests";
				PRODUCT_NAME = "$(TARGET_NAME)";
				SWIFT_VERSION = 4.2;
				TARGETED_DEVICE_FAMILY = "1,2";
				TEST_TARGET_NAME = "RateIT!!";
			};
			name = Release;
		};
/* End XCBuildConfiguration section */

/* Begin XCConfigurationList section */
		3F138E8B2224C6B000FB083D /* Build configuration list for PBXProject "RateIT!!" */ = {
			isa = XCConfigurationList;
			buildConfigurations = (
				3F138EB82224C6B100FB083D /* Debug */,
				3F138EB92224C6B100FB083D /* Release */,
			);
			defaultConfigurationIsVisible = 0;
			defaultConfigurationName = Release;
		};
		3F138EBA2224C6B100FB083D /* Build configuration list for PBXNativeTarget "RateIT!!" */ = {
			isa = XCConfigurationList;
			buildConfigurations = (
				3F138EBB2224C6B100FB083D /* Debug */,
				3F138EBC2224C6B100FB083D /* Release */,
			);
			defaultConfigurationIsVisible = 0;
			defaultConfigurationName = Release;
		};
		3F138EBD2224C6B100FB083D /* Build configuration list for PBXNativeTarget "RateIT!!Tests" */ = {
			isa = XCConfigurationList;
			buildConfigurations = (
				3F138EBE2224C6B100FB083D /* Debug */,
				3F138EBF2224C6B100FB083D /* Release */,
			);
			defaultConfigurationIsVisible = 0;
			defaultConfigurationName = Release;
		};
		3F138EC02224C6B100FB083D /* Build configuration list for PBXNativeTarget "RateIT!!UITests" */ = {
			isa = XCConfigurationList;
			buildConfigurations = (
				3F138EC12224C6B100FB083D /* Debug */,
				3F138EC22224C6B100FB083D /* Release */,
			);
			defaultConfigurationIsVisible = 0;
			defaultConfigurationName = Release;
		};
/* End XCConfigurationList section */
	};
	rootObject = 3F138E882224C6B000FB083D /* Project object */;
}
